
Microsoft Visual Studio Solution File, Format Version 12.00
# Visual Studio Version 16
VisualStudioVersion = 16.0.29009.5
MinimumVisualStudioVersion = 10.0.40219.1
Project("{FAE04EC0-301F-11D3-BF4B-00C04F79EFBC}") = "Sol_Web_Api", "Sol_Web_Api\Sol_Web_Api.csproj", "{0FEF45C3-368C-440C-A5BB-383C5495B2FF}"
EndProject
Project("{FAE04EC0-301F-11D3-BF4B-00C04F79EFBC}") = "Sol_Unit_Test", "Sol_Unit_Test\Sol_Unit_Test.csproj", "{70A1667D-D8F0-4E48-A581-A0E249B90FDB}"
EndProject
Global
	GlobalSection(SolutionConfigurationPlatforms) = preSolution
		Debug|Any CPU = Debug|Any CPU
		Release|Any CPU = Release|Any CPU
	EndGlobalSection
	GlobalSection(ProjectConfigurationPlatforms) = postSolution
		{0FEF45C3-368C-440C-A5BB-383C5495B2FF}.Debug|Any CPU.ActiveCfg = Debug|Any CPU
		{0FEF45C3-368C-440C-A5BB-383C5495B2FF}.Debug|Any CPU.Build.0 = Debug|Any CPU
		{0FEF45C3-368C-440C-A5BB-383C5495B2FF}.Release|Any CPU.ActiveCfg = Release|Any CPU
		{0FEF45C3-368C-440C-A5BB-383C5495B2FF}.Release|Any CPU.Build.0 = Release|Any CPU
		{70A1667D-D8F0-4E48-A581-A0E249B90FDB}.Debug|Any CPU.ActiveCfg = Debug|Any CPU
		{70A1667D-D8F0-4E48-A581-A0E249B90FDB}.Debug|Any CPU.Build.0 = Debug|Any CPU
		{70A1667D-D8F0-4E48-A581-A0E249B90FDB}.Release|Any CPU.ActiveCfg = Release|Any CPU
		{70A1667D-D8F0-4E48-A581-A0E249B90FDB}.Release|Any CPU.Build.0 = Release|Any CPU
	EndGlobalSection
	GlobalSection(SolutionProperties) = preSolution
		HideSolutionNode = FALSE
	EndGlobalSection
	GlobalSection(ExtensibilityGlobals) = postSolution
		SolutionGuid = {B76CB7CD-9DFC-484F-9F12-FD1EA5679627}
	EndGlobalSection
EndGlobal
